
Microsoft Visual Studio Solution File, Format Version 12.00
# Visual Studio Version 17
VisualStudioVersion = 17.4.33205.214
MinimumVisualStudioVersion = 10.0.40219.1
Project("{FAE04EC0-301F-11D3-BF4B-00C04F79EFBC}") = "WinFormBooks", "WinFormBooks\WinFormBooks.csproj", "{95A4737C-81E9-4C66-9E8F-F2D701670837}"
EndProject
Global
	GlobalSection(SolutionConfigurationPlatforms) = preSolution
		Debug|Any CPU = Debug|Any CPU
		Release|Any CPU = Release|Any CPU
	EndGlobalSection
	GlobalSection(ProjectConfigurationPlatforms) = postSolution
		{95A4737C-81E9-4C66-9E8F-F2D701670837}.Debug|Any CPU.ActiveCfg = Debug|Any CPU
		{95A4737C-81E9-4C66-9E8F-F2D701670837}.Debug|Any CPU.Build.0 = Debug|Any CPU
		{95A4737C-81E9-4C66-9E8F-F2D701670837}.Release|Any CPU.ActiveCfg = Release|Any CPU
		{95A4737C-81E9-4C66-9E8F-F2D701670837}.Release|Any CPU.Build.0 = Release|Any CPU
	EndGlobalSection
	GlobalSection(SolutionProperties) = preSolution
		HideSolutionNode = FALSE
	EndGlobalSection
	GlobalSection(ExtensibilityGlobals) = postSolution
		SolutionGuid = {BE08540F-252D-4142-8286-2F0A8B7DD70B}
	EndGlobalSection
EndGlobal
